
Microsoft Visual Studio Solution File, Format Version 12.00
# Visual Studio Version 17
VisualStudioVersion = 17.7.34003.232
MinimumVisualStudioVersion = 10.0.40219.1
Project("{F184B08F-C81C-45F6-A57F-5ABD9991F28F}") = "WinFormsApp10", "WinFormsApp10\WinFormsApp10.vbproj", "{CE0B0677-36D1-4804-8EB5-67C4F4CF2D8E}"
EndProject
Global
	GlobalSection(SolutionConfigurationPlatforms) = preSolution
		Debug|Any CPU = Debug|Any CPU
		Release|Any CPU = Release|Any CPU
	EndGlobalSection
	GlobalSection(ProjectConfigurationPlatforms) = postSolution
		{CE0B0677-36D1-4804-8EB5-67C4F4CF2D8E}.Debug|Any CPU.ActiveCfg = Debug|Any CPU
		{CE0B0677-36D1-4804-8EB5-67C4F4CF2D8E}.Debug|Any CPU.Build.0 = Debug|Any CPU
		{CE0B0677-36D1-4804-8EB5-67C4F4CF2D8E}.Release|Any CPU.ActiveCfg = Release|Any CPU
		{CE0B0677-36D1-4804-8EB5-67C4F4CF2D8E}.Release|Any CPU.Build.0 = Release|Any CPU
	EndGlobalSection
	GlobalSection(SolutionProperties) = preSolution
		HideSolutionNode = FALSE
	EndGlobalSection
	GlobalSection(ExtensibilityGlobals) = postSolution
		SolutionGuid = {FE244439-FB59-4A10-8286-AF9729D0F3D9}
	EndGlobalSection
EndGlobal
